[[package]]
category = "main"
description = "A small Python module for determining appropriate platform-specific dirs, e.g. a \"user data dir\"."
name = "appdirs"
optional = false
python-versions = "*"
version = "1.4.3"

[[package]]
category = "main"
description = "Screen-scraping library"
name = "beautifulsoup4"
optional = false
python-versions = "*"
version = "4.8.0"

[package.dependencies]
soupsieve = ">=1.2"

[[package]]
category = "main"
description = "Dummy package for Beautiful Soup"
name = "bs4"
optional = false
python-versions = "*"
version = "0.0.1"

[package.dependencies]
beautifulsoup4 = "*"

[[package]]
category = "main"
description = "Python package for providing Mozilla's CA Bundle."
name = "certifi"
optional = false
python-versions = "*"
version = "2019.6.16"

[[package]]
category = "main"
description = "Universal encoding detector for Python 2 and 3"
name = "chardet"
optional = false
python-versions = "*"
version = "3.0.4"

[[package]]
category = "main"
description = "Internationalized Domain Names in Applications (IDNA)"
name = "idna"
optional = false
python-versions = ">=2.7, !=3.0.*, !=3.1.*, !=3.2.*, !=3.3.*"
version = "2.8"

[[package]]
category = "main"
description = "Powerful and Pythonic XML processing library combining libxml2/libxslt with the ElementTree API."
name = "lxml"
optional = false
python-versions = ">=2.7, !=3.0.*, !=3.1.*, !=3.2.*, !=3.3.*, != 3.4.*"
version = "4.4.1"

[[package]]
category = "main"
description = "Python HTTP for Humans."
name = "requests"
optional = false
python-versions = ">=2.7, !=3.0.*, !=3.1.*, !=3.2.*, !=3.3.*, !=3.4.*"
version = "2.22.0"

[package.dependencies]
certifi = ">=2017.4.17"
chardet = ">=3.0.2,<3.1.0"
idna = ">=2.5,<2.9"
urllib3 = ">=1.21.1,<1.25.0 || >1.25.0,<1.25.1 || >1.25.1,<1.26"

[[package]]
category = "main"
description = "A modern CSS selector implementation for Beautiful Soup."
name = "soupsieve"
optional = false
python-versions = "*"
version = "1.9.3"

[[package]]
category = "main"
description = "HTTP library with thread-safe connection pooling, file post, and more."
name = "urllib3"
optional = false
python-versions = ">=2.7, !=3.0.*, !=3.1.*, !=3.2.*, !=3.3.*, <4"
version = "1.25.3"

[metadata]
content-hash = "e2100df3a599a30e0ee24f4ae02cba69ce879b12c1e337347f80b81e4345475d"
python-versions = "^3.7"

[metadata.hashes]
appdirs = ["9e5896d1372858f8dd3344faf4e5014d21849c756c8d5701f78f8a103b372d92", "d8b24664561d0d34ddfaec54636d502d7cea6e29c3eaf68f3df6180863e2166e"]
beautifulsoup4 = ["05668158c7b85b791c5abde53e50265e16f98ad601c402ba44d70f96c4159612", "25288c9e176f354bf277c0a10aa96c782a6a18a17122dba2e8cec4a97e03343b", "f040590be10520f2ea4c2ae8c3dae441c7cfff5308ec9d58a0ec0c1b8f81d469"]
bs4 = ["36ecea1fd7cc5c0c6e4a1ff075df26d50da647b75376626cc186e2212886dd3a"]
certifi = ["046832c04d4e752f37383b628bc601a7ea7211496b4638f6514d0e5b9acc4939", "945e3ba63a0b9f577b1395204e13c3a231f9bc0223888be653286534e5873695"]
chardet = ["84ab92ed1c4d4f16916e05906b6b75a6c0fb5db821cc65e70cbd64a3e2a5eaae", "fc323ffcaeaed0e0a02bf4d117757b98aed530d9ed4531e3e15460124c106691"]
idna = ["c357b3f628cf53ae2c4c05627ecc484553142ca23264e593d327bcde5e9c3407", "ea8b7f6188e6fa117537c3df7da9fc686d485087abf6ac197f9c46432f7e4a3c"]
lxml = ["02ca7bf899da57084041bb0f6095333e4d239948ad3169443f454add9f4e9cb4", "096b82c5e0ea27ce9138bcbb205313343ee66a6e132f25c5ed67e2c8d960a1bc", "0a920ff98cf1aac310470c644bc23b326402d3ef667ddafecb024e1713d485f1", "17cae1730a782858a6e2758fd20dd0ef7567916c47757b694a06ffafdec20046", "17e3950add54c882e032527795c625929613adbd2ce5162b94667334458b5a36", "1f4f214337f6ee5825bf90a65d04d70aab05526c08191ab888cb5149501923c5", "2e8f77db25b0a96af679e64ff9bf9dddb27d379c9900c3272f3041c4d1327c9d", "4dffd405390a45ecb95ab5ab1c1b847553c18b0ef8ed01e10c1c8b1a76452916", "6b899931a5648862c7b88c795eddff7588fb585e81cecce20f8d9da16eff96e0", "726c17f3e0d7a7200718c9a890ccfeab391c9133e363a577a44717c85c71db27", "760c12276fee05c36f95f8040180abc7fbebb9e5011447a97cdc289b5d6ab6fc", "796685d3969815a633827c818863ee199440696b0961e200b011d79b9394bbe7", "891fe897b49abb7db470c55664b198b1095e4943b9f82b7dcab317a19116cd38", "a471628e20f03dcdfde00770eeaf9c77811f0c331c8805219ca7b87ac17576c5", "a63b4fd3e2cabdcc9d918ed280bdde3e8e9641e04f3c59a2a3109644a07b9832", "b0b84408d4eabc6de9dd1e1e0bc63e7731e890c0b378a62443e5741cfd0ae90a", "be78485e5d5f3684e875dab60f40cddace2f5b2a8f7fede412358ab3214c3a6f", "c27eaed872185f047bb7f7da2d21a7d8913457678c9a100a50db6da890bc28b9", "c81cb40bff373ab7a7446d6bbca0190bccc5be3448b47b51d729e37799bb5692", "d11874b3c33ee441059464711cd365b89fa1a9cf19ae75b0c189b01fbf735b84", "e9c028b5897901361d81a4718d1db217b716424a0283afe9d6735fe0caf70f79", "fe489d486cd00b739be826e8c1be188ddb74c7a1ca784d93d06fda882a6a1681"]
requests = ["11e007a8a2aa0323f5a921e9e6a2d7e4e67d9877e85773fba9ba6419025cbeb4", "9cf5292fcd0f598c671cfc1e0d7d1a7f13bb8085e9a590f48c010551dc6c4b31"]
soupsieve = ["8662843366b8d8779dec4e2f921bebec9afd856a5ff2e82cd419acc5054a1a92", "a5a6166b4767725fd52ae55fee8c8b6137d9a51e9f1edea461a062a759160118"]
urllib3 = ["b246607a25ac80bedac05c6f282e3cdaf3afb65420fd024ac94435cabe6e18d1", "dbe59173209418ae49d485b87d1681aefa36252ee85884c31346debd19463232"]
